// !$*UTF8*$!
{
	archiveVersion = 1;
	classes = {
	};
	objectVersion = 51;
	objects = {

/* Begin PBXBuildFile section */
		3DE812BF3EB4D86B48D7B1CB /* Pods_ChatFirebaseTests.framework in Frameworks */ = {isa = PBXBuildFile; fileRef = 2BD2F2197526A07D2D8D78DF /* Pods_ChatFirebaseTests.framework */; };
		4BB7DE17F975BCD71460843D /* Pods_ChatFirebase_ChatFirebaseUITests.framework in Frameworks */ = {isa = PBXBuildFile; fileRef = F3E9A34DE416BDDDB6F72572 /* Pods_ChatFirebase_ChatFirebaseUITests.framework */; };
		5CD9DA8123FFECCD2A21EBFA /* Pods_ChatFirebase.framework in Frameworks */ = {isa = PBXBuildFile; fileRef = 5D1FF3D52656B8A6A1AF3040 /* Pods_ChatFirebase.framework */; };
		9B1055AC23AC6DE8009C1AF5 /* .swiftlint.yml in Resources */ = {isa = PBXBuildFile; fileRef = 9B1055AB23AC6DE8009C1AF5 /* .swiftlint.yml */; };
		9B1055AD23AC6DE8009C1AF5 /* .swiftlint.yml in Resources */ = {isa = PBXBuildFile; fileRef = 9B1055AB23AC6DE8009C1AF5 /* .swiftlint.yml */; };
		9B1055AF23AC6EB2009C1AF5 /* Authorization.storyboard in Resources */ = {isa = PBXBuildFile; fileRef = 9B1055AE23AC6EB2009C1AF5 /* Authorization.storyboard */; };
		9B1055B023AC6EB2009C1AF5 /* Authorization.storyboard in Resources */ = {isa = PBXBuildFile; fileRef = 9B1055AE23AC6EB2009C1AF5 /* Authorization.storyboard */; };
		9B1055B223AC6FC8009C1AF5 /* Reuseble.swift in Sources */ = {isa = PBXBuildFile; fileRef = 9B1055B123AC6FC8009C1AF5 /* Reuseble.swift */; };
		9B1055B323AC6FC8009C1AF5 /* Reuseble.swift in Sources */ = {isa = PBXBuildFile; fileRef = 9B1055B123AC6FC8009C1AF5 /* Reuseble.swift */; };
		9B1055B523AC718C009C1AF5 /* Enums.swift in Sources */ = {isa = PBXBuildFile; fileRef = 9B1055B423AC718C009C1AF5 /* Enums.swift */; };
		9B1055B623AC718C009C1AF5 /* Enums.swift in Sources */ = {isa = PBXBuildFile; fileRef = 9B1055B423AC718C009C1AF5 /* Enums.swift */; };
		9B1055B923AC71FC009C1AF5 /* ApplicationNavigator.swift in Sources */ = {isa = PBXBuildFile; fileRef = 9B1055B823AC71FC009C1AF5 /* ApplicationNavigator.swift */; };
		9B1055BA23AC71FC009C1AF5 /* ApplicationNavigator.swift in Sources */ = {isa = PBXBuildFile; fileRef = 9B1055B823AC71FC009C1AF5 /* ApplicationNavigator.swift */; };
		9B1055BD23AC7332009C1AF5 /* SignInViewController.swift in Sources */ = {isa = PBXBuildFile; fileRef = 9B1055BC23AC7332009C1AF5 /* SignInViewController.swift */; };
		9B1055BE23AC7332009C1AF5 /* SignInViewController.swift in Sources */ = {isa = PBXBuildFile; fileRef = 9B1055BC23AC7332009C1AF5 /* SignInViewController.swift */; };
		9B1055C023AC8186009C1AF5 /* UIView+Helper.swift in Sources */ = {isa = PBXBuildFile; fileRef = 9B1055BF23AC8186009C1AF5 /* UIView+Helper.swift */; };
		9B1055C123AC8186009C1AF5 /* UIView+Helper.swift in Sources */ = {isa = PBXBuildFile; fileRef = 9B1055BF23AC8186009C1AF5 /* UIView+Helper.swift */; };
		9B1055C323ACA27C009C1AF5 /* SignUpViewController.swift in Sources */ = {isa = PBXBuildFile; fileRef = 9B1055C223ACA27C009C1AF5 /* SignUpViewController.swift */; };
		9B1055C423ACA27C009C1AF5 /* SignUpViewController.swift in Sources */ = {isa = PBXBuildFile; fileRef = 9B1055C223ACA27C009C1AF5 /* SignUpViewController.swift */; };
		9B1055C623ACA32D009C1AF5 /* Constant.swift in Sources */ = {isa = PBXBuildFile; fileRef = 9B1055C523ACA32D009C1AF5 /* Constant.swift */; };
		9B1055C723ACA32D009C1AF5 /* Constant.swift in Sources */ = {isa = PBXBuildFile; fileRef = 9B1055C523ACA32D009C1AF5 /* Constant.swift */; };
		9B1055C923ACA5D1009C1AF5 /* Colors.xcassets in Resources */ = {isa = PBXBuildFile; fileRef = 9B1055C823ACA5D1009C1AF5 /* Colors.xcassets */; };
		9B1055CA23ACA5D1009C1AF5 /* Colors.xcassets in Resources */ = {isa = PBXBuildFile; fileRef = 9B1055C823ACA5D1009C1AF5 /* Colors.xcassets */; };
		9B1055CD23ACA8B4009C1AF5 /* SignUpViewModel.swift in Sources */ = {isa = PBXBuildFile; fileRef = 9B1055CC23ACA8B4009C1AF5 /* SignUpViewModel.swift */; };
		9B1055CE23ACA8B4009C1AF5 /* SignUpViewModel.swift in Sources */ = {isa = PBXBuildFile; fileRef = 9B1055CC23ACA8B4009C1AF5 /* SignUpViewModel.swift */; };
		9B1055D023ACA8BE009C1AF5 /* BaseViewModel.swift in Sources */ = {isa = PBXBuildFile; fileRef = 9B1055CF23ACA8BE009C1AF5 /* BaseViewModel.swift */; };
		9B1055D123ACA8BE009C1AF5 /* BaseViewModel.swift in Sources */ = {isa = PBXBuildFile; fileRef = 9B1055CF23ACA8BE009C1AF5 /* BaseViewModel.swift */; };
		9B1055D323ACC74F009C1AF5 /* String+Helper.swift in Sources */ = {isa = PBXBuildFile; fileRef = 9B1055D223ACC74F009C1AF5 /* String+Helper.swift */; };
		9B1055D423ACC74F009C1AF5 /* String+Helper.swift in Sources */ = {isa = PBXBuildFile; fileRef = 9B1055D223ACC74F009C1AF5 /* String+Helper.swift */; };
		9B4218BA23AC5C8C007F2041 /* AppDelegate.swift in Sources */ = {isa = PBXBuildFile; fileRef = 9B4218B923AC5C8C007F2041 /* AppDelegate.swift */; };
		9B4218C323AC5C8E007F2041 /* Assets.xcassets in Resources */ = {isa = PBXBuildFile; fileRef = 9B4218C223AC5C8E007F2041 /* Assets.xcassets */; };
		9B4218C623AC5C8E007F2041 /* LaunchScreen.storyboard in Resources */ = {isa = PBXBuildFile; fileRef = 9B4218C423AC5C8E007F2041 /* LaunchScreen.storyboard */; };
		9B4218D123AC5C8E007F2041 /* ChatFirebaseTests.swift in Sources */ = {isa = PBXBuildFile; fileRef = 9B4218D023AC5C8E007F2041 /* ChatFirebaseTests.swift */; };
		9B4218DC23AC5C8E007F2041 /* ChatFirebaseUITests.swift in Sources */ = {isa = PBXBuildFile; fileRef = 9B4218DB23AC5C8E007F2041 /* ChatFirebaseUITests.swift */; };
		9B59C45423AC62C6004EFF80 /* GoogleService-Info.plist in Resources */ = {isa = PBXBuildFile; fileRef = 9B59C45323AC62C6004EFF80 /* GoogleService-Info.plist */; };
		9B59C46723AC6C62004EFF80 /* AppDelegate.swift in Sources */ = {isa = PBXBuildFile; fileRef = 9B4218B923AC5C8C007F2041 /* AppDelegate.swift */; };
		9B59C46C23AC6C62004EFF80 /* LaunchScreen.storyboard in Resources */ = {isa = PBXBuildFile; fileRef = 9B4218C423AC5C8E007F2041 /* LaunchScreen.storyboard */; };
		9B59C46D23AC6C62004EFF80 /* GoogleService-Info.plist in Resources */ = {isa = PBXBuildFile; fileRef = 9B59C45323AC62C6004EFF80 /* GoogleService-Info.plist */; };
		9B59C46E23AC6C62004EFF80 /* Assets.xcassets in Resources */ = {isa = PBXBuildFile; fileRef = 9B4218C223AC5C8E007F2041 /* Assets.xcassets */; };
		9BE54FE823B0AEE1007CFA48 /* Main.storyboard in Resources */ = {isa = PBXBuildFile; fileRef = 9BE54FE723B0AEE1007CFA48 /* Main.storyboard */; };
		9BE54FE923B0AEE1007CFA48 /* Main.storyboard in Resources */ = {isa = PBXBuildFile; fileRef = 9BE54FE723B0AEE1007CFA48 /* Main.storyboard */; };
		9BE54FEB23B0B09C007CFA48 /* FireBaseManager.swift in Sources */ = {isa = PBXBuildFile; fileRef = 9BE54FEA23B0B09C007CFA48 /* FireBaseManager.swift */; };
		9BE54FEC23B0B09C007CFA48 /* FireBaseManager.swift in Sources */ = {isa = PBXBuildFile; fileRef = 9BE54FEA23B0B09C007CFA48 /* FireBaseManager.swift */; };
		9BE54FEE23B0B12F007CFA48 /* Logger.swift in Sources */ = {isa = PBXBuildFile; fileRef = 9BE54FED23B0B12F007CFA48 /* Logger.swift */; };
		9BE54FEF23B0B12F007CFA48 /* Logger.swift in Sources */ = {isa = PBXBuildFile; fileRef = 9BE54FED23B0B12F007CFA48 /* Logger.swift */; };
		9BE54FF123B0B5BA007CFA48 /* Reactive+Helper.swift in Sources */ = {isa = PBXBuildFile; fileRef = 9BE54FF023B0B5BA007CFA48 /* Reactive+Helper.swift */; };
		9BE54FF223B0B5BA007CFA48 /* Reactive+Helper.swift in Sources */ = {isa = PBXBuildFile; fileRef = 9BE54FF023B0B5BA007CFA48 /* Reactive+Helper.swift */; };
		9BE54FF423B0BF82007CFA48 /* UserListViewController.swift in Sources */ = {isa = PBXBuildFile; fileRef = 9BE54FF323B0BF82007CFA48 /* UserListViewController.swift */; };
		9BE54FF523B0BF82007CFA48 /* UserListViewController.swift in Sources */ = {isa = PBXBuildFile; fileRef = 9BE54FF323B0BF82007CFA48 /* UserListViewController.swift */; };
		9BE54FF723B0D3EE007CFA48 /* SignInViewModel.swift in Sources */ = {isa = PBXBuildFile; fileRef = 9BE54FF623B0D3EE007CFA48 /* SignInViewModel.swift */; };
		9BE54FF823B0D3EE007CFA48 /* SignInViewModel.swift in Sources */ = {isa = PBXBuildFile; fileRef = 9BE54FF623B0D3EE007CFA48 /* SignInViewModel.swift */; };
		9BE54FFA23B1A648007CFA48 /* MainTabBarViewController.swift in Sources */ = {isa = PBXBuildFile; fileRef = 9BE54FF923B1A648007CFA48 /* MainTabBarViewController.swift */; };
		9BE54FFB23B1A648007CFA48 /* MainTabBarViewController.swift in Sources */ = {isa = PBXBuildFile; fileRef = 9BE54FF923B1A648007CFA48 /* MainTabBarViewController.swift */; };
		9BE5500023B1BEA0007CFA48 /* UpdateUserInfoViewController.swift in Sources */ = {isa = PBXBuildFile; fileRef = 9BE54FFF23B1BEA0007CFA48 /* UpdateUserInfoViewController.swift */; };
		9BE5500123B1BEA0007CFA48 /* UpdateUserInfoViewController.swift in Sources */ = {isa = PBXBuildFile; fileRef = 9BE54FFF23B1BEA0007CFA48 /* UpdateUserInfoViewController.swift */; };
		9BE5500323B1C2D7007CFA48 /* UpdateUserInforViewModel.swift in Sources */ = {isa = PBXBuildFile; fileRef = 9BE5500223B1C2D7007CFA48 /* UpdateUserInforViewModel.swift */; };
		9BE5500423B1C2D7007CFA48 /* UpdateUserInforViewModel.swift in Sources */ = {isa = PBXBuildFile; fileRef = 9BE5500223B1C2D7007CFA48 /* UpdateUserInforViewModel.swift */; };
		9BE5500623B1C9A9007CFA48 /* ImagePickerController.swift in Sources */ = {isa = PBXBuildFile; fileRef = 9BE5500523B1C9A9007CFA48 /* ImagePickerController.swift */; };
		9BE5500723B1C9A9007CFA48 /* ImagePickerController.swift in Sources */ = {isa = PBXBuildFile; fileRef = 9BE5500523B1C9A9007CFA48 /* ImagePickerController.swift */; };
		A2D3935D4A449CFC4AB62B7F /* Pods_ChatFirebase.framework in Frameworks */ = {isa = PBXBuildFile; fileRef = 5D1FF3D52656B8A6A1AF3040 /* Pods_ChatFirebase.framework */; };
/* End PBXBuildFile section */

/* Begin PBXContainerItemProxy section */
		9B4218CD23AC5C8E007F2041 /* PBXContainerItemProxy */ = {
			isa = PBXContainerItemProxy;
			containerPortal = 9B4218AE23AC5C8C007F2041 /* Project object */;
			proxyType = 1;
			remoteGlobalIDString = 9B4218B523AC5C8C007F2041;
			remoteInfo = ChatFirebase;
		};
		9B4218D823AC5C8E007F2041 /* PBXContainerItemProxy */ = {
			isa = PBXContainerItemProxy;
			containerPortal = 9B4218AE23AC5C8C007F2041 /* Project object */;
			proxyType = 1;
			remoteGlobalIDString = 9B4218B523AC5C8C007F2041;
			remoteInfo = ChatFirebase;
		};
/* End PBXContainerItemProxy section */

/* Begin PBXFileReference section */
		2BD2F2197526A07D2D8D78DF /* Pods_ChatFirebaseTests.framework */ = {isa = PBXFileReference; explicitFileType = wrapper.framework; includeInIndex = 0; path = Pods_ChatFirebaseTests.framework; sourceTree = BUILT_PRODUCTS_DIR; };
		33B583FC5691B6624B1CCEC9 /* Pods-ChatFirebase.debug.xcconfig */ = {isa = PBXFileReference; includeInIndex = 1; lastKnownFileType = text.xcconfig; name = "Pods-ChatFirebase.debug.xcconfig"; path = "Target Support Files/Pods-ChatFirebase/Pods-ChatFirebase.debug.xcconfig"; sourceTree = "<group>"; };
		4B640052ECBEA9AE37A81E78 /* Pods-ChatFirebaseTests.release.xcconfig */ = {isa = PBXFileReference; includeInIndex = 1; lastKnownFileType = text.xcconfig; name = "Pods-ChatFirebaseTests.release.xcconfig"; path = "Target Support Files/Pods-ChatFirebaseTests/Pods-ChatFirebaseTests.release.xcconfig"; sourceTree = "<group>"; };
		507B68D334F7D0F1DCC9A919 /* Pods-ChatFirebaseTests.debug.xcconfig */ = {isa = PBXFileReference; includeInIndex = 1; lastKnownFileType = text.xcconfig; name = "Pods-ChatFirebaseTests.debug.xcconfig"; path = "Target Support Files/Pods-ChatFirebaseTests/Pods-ChatFirebaseTests.debug.xcconfig"; sourceTree = "<group>"; };
		5D1FF3D52656B8A6A1AF3040 /* Pods_ChatFirebase.framework */ = {isa = PBXFileReference; explicitFileType = wrapper.framework; includeInIndex = 0; path = Pods_ChatFirebase.framework; sourceTree = BUILT_PRODUCTS_DIR; };
		6414C13565458E35462E032A /* Pods-ChatFirebase-ChatFirebaseUITests.release.xcconfig */ = {isa = PBXFileReference; includeInIndex = 1; lastKnownFileType = text.xcconfig; name = "Pods-ChatFirebase-ChatFirebaseUITests.release.xcconfig"; path = "Target Support Files/Pods-ChatFirebase-ChatFirebaseUITests/Pods-ChatFirebase-ChatFirebaseUITests.release.xcconfig"; sourceTree = "<group>"; };
		9B1055AB23AC6DE8009C1AF5 /* .swiftlint.yml */ = {isa = PBXFileReference; fileEncoding = 4; lastKnownFileType = text.yaml; path = .swiftlint.yml; sourceTree = "<group>"; };
		9B1055AE23AC6EB2009C1AF5 /* Authorization.storyboard */ = {isa = PBXFileReference; lastKnownFileType = file.storyboard; path = Authorization.storyboard; sourceTree = "<group>"; };
		9B1055B123AC6FC8009C1AF5 /* Reuseble.swift */ = {isa = PBXFileReference; lastKnownFileType = sourcecode.swift; path = Reuseble.swift; sourceTree = "<group>"; };
		9B1055B423AC718C009C1AF5 /* Enums.swift */ = {isa = PBXFileReference; lastKnownFileType = sourcecode.swift; path = Enums.swift; sourceTree = "<group>"; };
		9B1055B823AC71FC009C1AF5 /* ApplicationNavigator.swift */ = {isa = PBXFileReference; lastKnownFileType = sourcecode.swift; path = ApplicationNavigator.swift; sourceTree = "<group>"; };
		9B1055BC23AC7332009C1AF5 /* SignInViewController.swift */ = {isa = PBXFileReference; lastKnownFileType = sourcecode.swift; path = SignInViewController.swift; sourceTree = "<group>"; };
		9B1055BF23AC8186009C1AF5 /* UIView+Helper.swift */ = {isa = PBXFileReference; lastKnownFileType = sourcecode.swift; path = "UIView+Helper.swift"; sourceTree = "<group>"; };
		9B1055C223ACA27C009C1AF5 /* SignUpViewController.swift */ = {isa = PBXFileReference; lastKnownFileType = sourcecode.swift; path = SignUpViewController.swift; sourceTree = "<group>"; };
		9B1055C523ACA32D009C1AF5 /* Constant.swift */ = {isa = PBXFileReference; lastKnownFileType = sourcecode.swift; path = Constant.swift; sourceTree = "<group>"; };
		9B1055C823ACA5D1009C1AF5 /* Colors.xcassets */ = {isa = PBXFileReference; lastKnownFileType = folder.assetcatalog; path = Colors.xcassets; sourceTree = "<group>"; };
		9B1055CC23ACA8B4009C1AF5 /* SignUpViewModel.swift */ = {isa = PBXFileReference; lastKnownFileType = sourcecode.swift; path = SignUpViewModel.swift; sourceTree = "<group>"; };
		9B1055CF23ACA8BE009C1AF5 /* BaseViewModel.swift */ = {isa = PBXFileReference; lastKnownFileType = sourcecode.swift; path = BaseViewModel.swift; sourceTree = "<group>"; };
		9B1055D223ACC74F009C1AF5 /* String+Helper.swift */ = {isa = PBXFileReference; lastKnownFileType = sourcecode.swift; path = "String+Helper.swift"; sourceTree = "<group>"; };
		9B4218B623AC5C8C007F2041 /* ChatFirebase.app */ = {isa = PBXFileReference; explicitFileType = wrapper.application; includeInIndex = 0; path = ChatFirebase.app; sourceTree = BUILT_PRODUCTS_DIR; };
		9B4218B923AC5C8C007F2041 /* AppDelegate.swift */ = {isa = PBXFileReference; lastKnownFileType = sourcecode.swift; path = AppDelegate.swift; sourceTree = "<group>"; };
		9B4218C223AC5C8E007F2041 /* Assets.xcassets */ = {isa = PBXFileReference; lastKnownFileType = folder.assetcatalog; path = Assets.xcassets; sourceTree = "<group>"; };
		9B4218C523AC5C8E007F2041 /* Base */ = {isa = PBXFileReference; lastKnownFileType = file.storyboard; name = Base; path = Base.lproj/LaunchScreen.storyboard; sourceTree = "<group>"; };
		9B4218C723AC5C8E007F2041 /* Info.plist */ = {isa = PBXFileReference; lastKnownFileType = text.plist.xml; path = Info.plist; sourceTree = "<group>"; };
		9B4218CC23AC5C8E007F2041 /* ChatFirebaseTests.xctest */ = {isa = PBXFileReference; explicitFileType = wrapper.cfbundle; includeInIndex = 0; path = ChatFirebaseTests.xctest; sourceTree = BUILT_PRODUCTS_DIR; };
		9B4218D023AC5C8E007F2041 /* ChatFirebaseTests.swift */ = {isa = PBXFileReference; lastKnownFileType = sourcecode.swift; path = ChatFirebaseTests.swift; sourceTree = "<group>"; };
		9B4218D223AC5C8E007F2041 /* Info.plist */ = {isa = PBXFileReference; lastKnownFileType = text.plist.xml; path = Info.plist; sourceTree = "<group>"; };
		9B4218D723AC5C8E007F2041 /* ChatFirebaseUITests.xctest */ = {isa = PBXFileReference; explicitFileType = wrapper.cfbundle; includeInIndex = 0; path = ChatFirebaseUITests.xctest; sourceTree = BUILT_PRODUCTS_DIR; };
		9B4218DB23AC5C8E007F2041 /* ChatFirebaseUITests.swift */ = {isa = PBXFileReference; lastKnownFileType = sourcecode.swift; path = ChatFirebaseUITests.swift; sourceTree = "<group>"; };
		9B4218DD23AC5C8E007F2041 /* Info.plist */ = {isa = PBXFileReference; lastKnownFileType = text.plist.xml; path = Info.plist; sourceTree = "<group>"; };
		9B59C45323AC62C6004EFF80 /* GoogleService-Info.plist */ = {isa = PBXFileReference; fileEncoding = 4; lastKnownFileType = text.plist.xml; path = "GoogleService-Info.plist"; sourceTree = "<group>"; };
		9B59C47423AC6C62004EFF80 /* ChatFirebase staging.app */ = {isa = PBXFileReference; explicitFileType = wrapper.application; includeInIndex = 0; path = "ChatFirebase staging.app"; sourceTree = BUILT_PRODUCTS_DIR; };
		9BE54FE723B0AEE1007CFA48 /* Main.storyboard */ = {isa = PBXFileReference; lastKnownFileType = file.storyboard; path = Main.storyboard; sourceTree = "<group>"; };
		9BE54FEA23B0B09C007CFA48 /* FireBaseManager.swift */ = {isa = PBXFileReference; lastKnownFileType = sourcecode.swift; path = FireBaseManager.swift; sourceTree = "<group>"; };
		9BE54FED23B0B12F007CFA48 /* Logger.swift */ = {isa = PBXFileReference; fileEncoding = 4; lastKnownFileType = sourcecode.swift; path = Logger.swift; sourceTree = "<group>"; };
		9BE54FF023B0B5BA007CFA48 /* Reactive+Helper.swift */ = {isa = PBXFileReference; lastKnownFileType = sourcecode.swift; path = "Reactive+Helper.swift"; sourceTree = "<group>"; };
		9BE54FF323B0BF82007CFA48 /* UserListViewController.swift */ = {isa = PBXFileReference; lastKnownFileType = sourcecode.swift; path = UserListViewController.swift; sourceTree = "<group>"; };
		9BE54FF623B0D3EE007CFA48 /* SignInViewModel.swift */ = {isa = PBXFileReference; lastKnownFileType = sourcecode.swift; path = SignInViewModel.swift; sourceTree = "<group>"; };
		9BE54FF923B1A648007CFA48 /* MainTabBarViewController.swift */ = {isa = PBXFileReference; lastKnownFileType = sourcecode.swift; path = MainTabBarViewController.swift; sourceTree = "<group>"; };
		9BE54FFF23B1BEA0007CFA48 /* UpdateUserInfoViewController.swift */ = {isa = PBXFileReference; lastKnownFileType = sourcecode.swift; path = UpdateUserInfoViewController.swift; sourceTree = "<group>"; };
		9BE5500223B1C2D7007CFA48 /* UpdateUserInforViewModel.swift */ = {isa = PBXFileReference; lastKnownFileType = sourcecode.swift; path = UpdateUserInforViewModel.swift; sourceTree = "<group>"; };
		9BE5500523B1C9A9007CFA48 /* ImagePickerController.swift */ = {isa = PBXFileReference; lastKnownFileType = sourcecode.swift; path = ImagePickerController.swift; sourceTree = "<group>"; };
		B4F2B8AEC860B854AF434528 /* Pods-ChatFirebase.release.xcconfig */ = {isa = PBXFileReference; includeInIndex = 1; lastKnownFileType = text.xcconfig; name = "Pods-ChatFirebase.release.xcconfig"; path = "Target Support Files/Pods-ChatFirebase/Pods-ChatFirebase.release.xcconfig"; sourceTree = "<group>"; };
		BD3BF077FA6CBBB957282394 /* Pods-ChatFirebase-ChatFirebaseUITests.debug.xcconfig */ = {isa = PBXFileReference; includeInIndex = 1; lastKnownFileType = text.xcconfig; name = "Pods-ChatFirebase-ChatFirebaseUITests.debug.xcconfig"; path = "Target Support Files/Pods-ChatFirebase-ChatFirebaseUITests/Pods-ChatFirebase-ChatFirebaseUITests.debug.xcconfig"; sourceTree = "<group>"; };
		F3E9A34DE416BDDDB6F72572 /* Pods_ChatFirebase_ChatFirebaseUITests.framework */ = {isa = PBXFileReference; explicitFileType = wrapper.framework; includeInIndex = 0; path = Pods_ChatFirebase_ChatFirebaseUITests.framework; sourceTree = BUILT_PRODUCTS_DIR; };
/* End PBXFileReference section */

/* Begin PBXFrameworksBuildPhase section */
		9B4218B323AC5C8C007F2041 /* Frameworks */ = {
			isa = PBXFrameworksBuildPhase;
			buildActionMask = 2147483647;
			files = (
				A2D3935D4A449CFC4AB62B7F /* Pods_ChatFirebase.framework in Frameworks */,
				5CD9DA8123FFECCD2A21EBFA /* Pods_ChatFirebase.framework in Frameworks */,
			);
			runOnlyForDeploymentPostprocessing = 0;
		};
		9B4218C923AC5C8E007F2041 /* Frameworks */ = {
			isa = PBXFrameworksBuildPhase;
			buildActionMask = 2147483647;
			files = (
				3DE812BF3EB4D86B48D7B1CB /* Pods_ChatFirebaseTests.framework in Frameworks */,
			);
			runOnlyForDeploymentPostprocessing = 0;
		};
		9B4218D423AC5C8E007F2041 /* Frameworks */ = {
			isa = PBXFrameworksBuildPhase;
			buildActionMask = 2147483647;
			files = (
				4BB7DE17F975BCD71460843D /* Pods_ChatFirebase_ChatFirebaseUITests.framework in Frameworks */,
			);
			runOnlyForDeploymentPostprocessing = 0;
		};
		9B59C46923AC6C62004EFF80 /* Frameworks */ = {
			isa = PBXFrameworksBuildPhase;
			buildActionMask = 2147483647;
			files = (
			);
			runOnlyForDeploymentPostprocessing = 0;
		};
/* End PBXFrameworksBuildPhase section */

/* Begin PBXGroup section */
		3DA7F88B327B839DD2E9C7BB /* Pods */ = {
			isa = PBXGroup;
			children = (
				BD3BF077FA6CBBB957282394 /* Pods-ChatFirebase-ChatFirebaseUITests.debug.xcconfig */,
				6414C13565458E35462E032A /* Pods-ChatFirebase-ChatFirebaseUITests.release.xcconfig */,
				507B68D334F7D0F1DCC9A919 /* Pods-ChatFirebaseTests.debug.xcconfig */,
				4B640052ECBEA9AE37A81E78 /* Pods-ChatFirebaseTests.release.xcconfig */,
				33B583FC5691B6624B1CCEC9 /* Pods-ChatFirebase.debug.xcconfig */,
				B4F2B8AEC860B854AF434528 /* Pods-ChatFirebase.release.xcconfig */,
			);
			path = Pods;
			sourceTree = "<group>";
		};
		9B1055B723AC71DF009C1AF5 /* Utilities */ = {
			isa = PBXGroup;
			children = (
				9BE54FED23B0B12F007CFA48 /* Logger.swift */,
				9B1055B823AC71FC009C1AF5 /* ApplicationNavigator.swift */,
				9BE5500523B1C9A9007CFA48 /* ImagePickerController.swift */,
			);
			path = Utilities;
			sourceTree = "<group>";
		};
		9B1055BB23AC7274009C1AF5 /* Authorization */ = {
			isa = PBXGroup;
			children = (
				9B1055BC23AC7332009C1AF5 /* SignInViewController.swift */,
				9B1055C223ACA27C009C1AF5 /* SignUpViewController.swift */,
				9BE54FFF23B1BEA0007CFA48 /* UpdateUserInfoViewController.swift */,
			);
			path = Authorization;
			sourceTree = "<group>";
		};
		9B1055CB23ACA899009C1AF5 /* Authorization */ = {
			isa = PBXGroup;
			children = (
				9BE54FF623B0D3EE007CFA48 /* SignInViewModel.swift */,
				9B1055CC23ACA8B4009C1AF5 /* SignUpViewModel.swift */,
				9BE5500223B1C2D7007CFA48 /* UpdateUserInforViewModel.swift */,
			);
			path = Authorization;
			sourceTree = "<group>";
		};
		9B4218AD23AC5C8C007F2041 = {
			isa = PBXGroup;
			children = (
				9B1055AB23AC6DE8009C1AF5 /* .swiftlint.yml */,
				9B4218B823AC5C8C007F2041 /* ChatFirebase */,
				9B4218CF23AC5C8E007F2041 /* ChatFirebaseTests */,
				9B4218DA23AC5C8E007F2041 /* ChatFirebaseUITests */,
				9B4218B723AC5C8C007F2041 /* Products */,
				3DA7F88B327B839DD2E9C7BB /* Pods */,
				DD489057288F8179E15F8F4D /* Frameworks */,
			);
			sourceTree = "<group>";
		};
		9B4218B723AC5C8C007F2041 /* Products */ = {
			isa = PBXGroup;
			children = (
				9B4218B623AC5C8C007F2041 /* ChatFirebase.app */,
				9B4218CC23AC5C8E007F2041 /* ChatFirebaseTests.xctest */,
				9B4218D723AC5C8E007F2041 /* ChatFirebaseUITests.xctest */,
				9B59C47423AC6C62004EFF80 /* ChatFirebase staging.app */,
			);
			name = Products;
			sourceTree = "<group>";
		};
		9B4218B823AC5C8C007F2041 /* ChatFirebase */ = {
			isa = PBXGroup;
			children = (
				9B59C45623AC6A82004EFF80 /* Application */,
				9B59C45B23AC6B3F004EFF80 /* Controllers */,
				9B59C45E23AC6B57004EFF80 /* ViewModels */,
				9B59C46123AC6B72004EFF80 /* Views */,
				9B59C45F23AC6B62004EFF80 /* Services */,
				9B1055B723AC71DF009C1AF5 /* Utilities */,
				9B59C46023AC6B69004EFF80 /* Protocols */,
				9B59C45D23AC6B51004EFF80 /* Models */,
				9B59C45C23AC6B49004EFF80 /* Extensions */,
			);
			path = ChatFirebase;
			sourceTree = "<group>";
		};
		9B4218CF23AC5C8E007F2041 /* ChatFirebaseTests */ = {
			isa = PBXGroup;
			children = (
				9B4218D023AC5C8E007F2041 /* ChatFirebaseTests.swift */,
				9B4218D223AC5C8E007F2041 /* Info.plist */,
			);
			path = ChatFirebaseTests;
			sourceTree = "<group>";
		};
		9B4218DA23AC5C8E007F2041 /* ChatFirebaseUITests */ = {
			isa = PBXGroup;
			children = (
				9B4218DB23AC5C8E007F2041 /* ChatFirebaseUITests.swift */,
				9B4218DD23AC5C8E007F2041 /* Info.plist */,
			);
			path = ChatFirebaseUITests;
			sourceTree = "<group>";
		};
		9B59C45223AC62BC004EFF80 /* Resources */ = {
			isa = PBXGroup;
			children = (
				9B4218C223AC5C8E007F2041 /* Assets.xcassets */,
				9B1055C823ACA5D1009C1AF5 /* Colors.xcassets */,
			);
			path = Resources;
			sourceTree = "<group>";
		};
		9B59C45623AC6A82004EFF80 /* Application */ = {
			isa = PBXGroup;
			children = (
				9B4218B923AC5C8C007F2041 /* AppDelegate.swift */,
				9B4218C423AC5C8E007F2041 /* LaunchScreen.storyboard */,
				9B1055AE23AC6EB2009C1AF5 /* Authorization.storyboard */,
				9BE54FE723B0AEE1007CFA48 /* Main.storyboard */,
				9B59C45223AC62BC004EFF80 /* Resources */,
				9B59C45823AC6AA4004EFF80 /* Infos */,
				9B59C45723AC6A8E004EFF80 /* Constants */,
			);
			path = Application;
			sourceTree = "<group>";
		};
		9B59C45723AC6A8E004EFF80 /* Constants */ = {
			isa = PBXGroup;
			children = (
				9B1055B423AC718C009C1AF5 /* Enums.swift */,
				9B1055C523ACA32D009C1AF5 /* Constant.swift */,
			);
			path = Constants;
			sourceTree = "<group>";
		};
		9B59C45823AC6AA4004EFF80 /* Infos */ = {
			isa = PBXGroup;
			children = (
				9B4218C723AC5C8E007F2041 /* Info.plist */,
				9B59C45323AC62C6004EFF80 /* GoogleService-Info.plist */,
			);
			path = Infos;
			sourceTree = "<group>";
		};
		9B59C45B23AC6B3F004EFF80 /* Controllers */ = {
			isa = PBXGroup;
			children = (
				9BE54FF923B1A648007CFA48 /* MainTabBarViewController.swift */,
				9B1055BB23AC7274009C1AF5 /* Authorization */,
				9BE54FF323B0BF82007CFA48 /* UserListViewController.swift */,
			);
			path = Controllers;
			sourceTree = "<group>";
		};
		9B59C45C23AC6B49004EFF80 /* Extensions */ = {
			isa = PBXGroup;
			children = (
				9B1055BF23AC8186009C1AF5 /* UIView+Helper.swift */,
				9B1055D223ACC74F009C1AF5 /* String+Helper.swift */,
				9BE54FF023B0B5BA007CFA48 /* Reactive+Helper.swift */,
			);
			path = Extensions;
			sourceTree = "<group>";
		};
		9B59C45D23AC6B51004EFF80 /* Models */ = {
			isa = PBXGroup;
			children = (
			);
			path = Models;
			sourceTree = "<group>";
		};
		9B59C45E23AC6B57004EFF80 /* ViewModels */ = {
			isa = PBXGroup;
			children = (
				9B1055CF23ACA8BE009C1AF5 /* BaseViewModel.swift */,
				9B1055CB23ACA899009C1AF5 /* Authorization */,
			);
			path = ViewModels;
			sourceTree = "<group>";
		};
		9B59C45F23AC6B62004EFF80 /* Services */ = {
			isa = PBXGroup;
			children = (
				9BE54FEA23B0B09C007CFA48 /* FireBaseManager.swift */,
			);
			path = Services;
			sourceTree = "<group>";
		};
		9B59C46023AC6B69004EFF80 /* Protocols */ = {
			isa = PBXGroup;
			children = (
				9B1055B123AC6FC8009C1AF5 /* Reuseble.swift */,
			);
			path = Protocols;
			sourceTree = "<group>";
		};
		9B59C46123AC6B72004EFF80 /* Views */ = {
			isa = PBXGroup;
			children = (
			);
			path = Views;
			sourceTree = "<group>";
		};
		DD489057288F8179E15F8F4D /* Frameworks */ = {
			isa = PBXGroup;
			children = (
				5D1FF3D52656B8A6A1AF3040 /* Pods_ChatFirebase.framework */,
				F3E9A34DE416BDDDB6F72572 /* Pods_ChatFirebase_ChatFirebaseUITests.framework */,
				2BD2F2197526A07D2D8D78DF /* Pods_ChatFirebaseTests.framework */,
			);
			name = Frameworks;
			sourceTree = "<group>";
		};
/* End PBXGroup section */

/* Begin PBXNativeTarget section */
		9B4218B523AC5C8C007F2041 /* ChatFirebase */ = {
			isa = PBXNativeTarget;
			buildConfigurationList = 9B4218E023AC5C8E007F2041 /* Build configuration list for PBXNativeTarget "ChatFirebase" */;
			buildPhases = (
				30368C6478559D90FA169DDC /* [CP] Check Pods Manifest.lock */,
				9B4218B223AC5C8C007F2041 /* Sources */,
				9B4218B323AC5C8C007F2041 /* Frameworks */,
				9B4218B423AC5C8C007F2041 /* Resources */,
				62C9B64EAB391BC7728C552A /* [CP] Embed Pods Frameworks */,
			);
			buildRules = (
			);
			dependencies = (
			);
			name = ChatFirebase;
			productName = ChatFirebase;
			productReference = 9B4218B623AC5C8C007F2041 /* ChatFirebase.app */;
			productType = "com.apple.product-type.application";
		};
		9B4218CB23AC5C8E007F2041 /* ChatFirebaseTests */ = {
			isa = PBXNativeTarget;
			buildConfigurationList = 9B4218E323AC5C8E007F2041 /* Build configuration list for PBXNativeTarget "ChatFirebaseTests" */;
			buildPhases = (
				B77B3A37FAF0810280B38A7F /* [CP] Check Pods Manifest.lock */,
				9B4218C823AC5C8E007F2041 /* Sources */,
				9B4218C923AC5C8E007F2041 /* Frameworks */,
				9B4218CA23AC5C8E007F2041 /* Resources */,
			);
			buildRules = (
			);
			dependencies = (
				9B4218CE23AC5C8E007F2041 /* PBXTargetDependency */,
			);
			name = ChatFirebaseTests;
			productName = ChatFirebaseTests;
			productReference = 9B4218CC23AC5C8E007F2041 /* ChatFirebaseTests.xctest */;
			productType = "com.apple.product-type.bundle.unit-test";
		};
		9B4218D623AC5C8E007F2041 /* ChatFirebaseUITests */ = {
			isa = PBXNativeTarget;
			buildConfigurationList = 9B4218E623AC5C8E007F2041 /* Build configuration list for PBXNativeTarget "ChatFirebaseUITests" */;
			buildPhases = (
				BA7F264490BCD42BCA98D706 /* [CP] Check Pods Manifest.lock */,
				9B4218D323AC5C8E007F2041 /* Sources */,
				9B4218D423AC5C8E007F2041 /* Frameworks */,
				9B4218D523AC5C8E007F2041 /* Resources */,
				5A5C36079A5E660D555E3E5F /* [CP] Embed Pods Frameworks */,
			);
			buildRules = (
			);
			dependencies = (
				9B4218D923AC5C8E007F2041 /* PBXTargetDependency */,
			);
			name = ChatFirebaseUITests;
			productName = ChatFirebaseUITests;
			productReference = 9B4218D723AC5C8E007F2041 /* ChatFirebaseUITests.xctest */;
			productType = "com.apple.product-type.bundle.ui-testing";
		};
		9B59C46223AC6C62004EFF80 /* ChatFirebase staging */ = {
			isa = PBXNativeTarget;
			buildConfigurationList = 9B59C47123AC6C62004EFF80 /* Build configuration list for PBXNativeTarget "ChatFirebase staging" */;
			buildPhases = (
				9B59C46423AC6C62004EFF80 /* Sources */,
				9B59C46923AC6C62004EFF80 /* Frameworks */,
				9B59C46B23AC6C62004EFF80 /* Resources */,
				9B1055AA23AC6DCC009C1AF5 /* Swiftlint */,
			);
			buildRules = (
			);
			dependencies = (
			);
			name = "ChatFirebase staging";
			productName = ChatFirebase;
			productReference = 9B59C47423AC6C62004EFF80 /* ChatFirebase staging.app */;
			productType = "com.apple.product-type.application";
		};
/* End PBXNativeTarget section */

/* Begin PBXProject section */
		9B4218AE23AC5C8C007F2041 /* Project object */ = {
			isa = PBXProject;
			attributes = {
				LastSwiftUpdateCheck = 1130;
				LastUpgradeCheck = 1130;
				ORGANIZATIONNAME = "Bao Nguyen";
				TargetAttributes = {
					9B4218B523AC5C8C007F2041 = {
						CreatedOnToolsVersion = 11.3;
					};
					9B4218CB23AC5C8E007F2041 = {
						CreatedOnToolsVersion = 11.3;
						TestTargetID = 9B4218B523AC5C8C007F2041;
					};
					9B4218D623AC5C8E007F2041 = {
						CreatedOnToolsVersion = 11.3;
						TestTargetID = 9B4218B523AC5C8C007F2041;
					};
				};
			};
			buildConfigurationList = 9B4218B123AC5C8C007F2041 /* Build configuration list for PBXProject "ChatFirebase" */;
			compatibilityVersion = "Xcode 9.3";
			developmentRegion = en;
			hasScannedForEncodings = 0;
			knownRegions = (
				en,
				Base,
			);
			mainGroup = 9B4218AD23AC5C8C007F2041;
			productRefGroup = 9B4218B723AC5C8C007F2041 /* Products */;
			projectDirPath = "";
			projectRoot = "";
			targets = (
				9B4218B523AC5C8C007F2041 /* ChatFirebase */,
				9B59C46223AC6C62004EFF80 /* ChatFirebase staging */,
				9B4218CB23AC5C8E007F2041 /* ChatFirebaseTests */,
				9B4218D623AC5C8E007F2041 /* ChatFirebaseUITests */,
			);
		};
/* End PBXProject section */

/* Begin PBXResourcesBuildPhase section */
		9B4218B423AC5C8C007F2041 /* Resources */ = {
			isa = PBXResourcesBuildPhase;
			buildActionMask = 2147483647;
			files = (
				9BE54FE823B0AEE1007CFA48 /* Main.storyboard in Resources */,
				9B1055AF23AC6EB2009C1AF5 /* Authorization.storyboard in Resources */,
				9B1055AC23AC6DE8009C1AF5 /* .swiftlint.yml in Resources */,
				9B4218C623AC5C8E007F2041 /* LaunchScreen.storyboard in Resources */,
				9B1055C923ACA5D1009C1AF5 /* Colors.xcassets in Resources */,
				9B59C45423AC62C6004EFF80 /* GoogleService-Info.plist in Resources */,
				9B4218C323AC5C8E007F2041 /* Assets.xcassets in Resources */,
			);
			runOnlyForDeploymentPostprocessing = 0;
		};
		9B4218CA23AC5C8E007F2041 /* Resources */ = {
			isa = PBXResourcesBuildPhase;
			buildActionMask = 2147483647;
			files = (
			);
			runOnlyForDeploymentPostprocessing = 0;
		};
		9B4218D523AC5C8E007F2041 /* Resources */ = {
			isa = PBXResourcesBuildPhase;
			buildActionMask = 2147483647;
			files = (
			);
			runOnlyForDeploymentPostprocessing = 0;
		};
		9B59C46B23AC6C62004EFF80 /* Resources */ = {
			isa = PBXResourcesBuildPhase;
			buildActionMask = 2147483647;
			files = (
				9BE54FE923B0AEE1007CFA48 /* Main.storyboard in Resources */,
				9B1055B023AC6EB2009C1AF5 /* Authorization.storyboard in Resources */,
				9B1055AD23AC6DE8009C1AF5 /* .swiftlint.yml in Resources */,
				9B59C46C23AC6C62004EFF80 /* LaunchScreen.storyboard in Resources */,
				9B1055CA23ACA5D1009C1AF5 /* Colors.xcassets in Resources */,
				9B59C46D23AC6C62004EFF80 /* GoogleService-Info.plist in Resources */,
				9B59C46E23AC6C62004EFF80 /* Assets.xcassets in Resources */,
			);
			runOnlyForDeploymentPostprocessing = 0;
		};
/* End PBXResourcesBuildPhase section */

/* Begin PBXShellScriptBuildPhase section */
		30368C6478559D90FA169DDC /* [CP] Check Pods Manifest.lock */ = {
			isa = PBXShellScriptBuildPhase;
			buildActionMask = 2147483647;
			files = (
			);
			inputFileListPaths = (
			);
			inputPaths = (
				"${PODS_PODFILE_DIR_PATH}/Podfile.lock",
				"${PODS_ROOT}/Manifest.lock",
			);
			name = "[CP] Check Pods Manifest.lock";
			outputFileListPaths = (
			);
			outputPaths = (
				"$(DERIVED_FILE_DIR)/Pods-ChatFirebase-checkManifestLockResult.txt",
			);
			runOnlyForDeploymentPostprocessing = 0;
			shellPath = /bin/sh;
			shellScript = "diff \"${PODS_PODFILE_DIR_PATH}/Podfile.lock\" \"${PODS_ROOT}/Manifest.lock\" > /dev/null\nif [ $? != 0 ] ; then\n    # print error to STDERR\n    echo \"error: The sandbox is not in sync with the Podfile.lock. Run 'pod install' or update your CocoaPods installation.\" >&2\n    exit 1\nfi\n# This output is used by Xcode 'outputs' to avoid re-running this script phase.\necho \"SUCCESS\" > \"${SCRIPT_OUTPUT_FILE_0}\"\n";
			showEnvVarsInLog = 0;
		};
		5A5C36079A5E660D555E3E5F /* [CP] Embed Pods Frameworks */ = {
			isa = PBXShellScriptBuildPhase;
			buildActionMask = 2147483647;
			files = (
			);
			inputFileListPaths = (
				"${PODS_ROOT}/Target Support Files/Pods-ChatFirebase-ChatFirebaseUITests/Pods-ChatFirebase-ChatFirebaseUITests-frameworks-${CONFIGURATION}-input-files.xcfilelist",
			);
			name = "[CP] Embed Pods Frameworks";
			outputFileListPaths = (
				"${PODS_ROOT}/Target Support Files/Pods-ChatFirebase-ChatFirebaseUITests/Pods-ChatFirebase-ChatFirebaseUITests-frameworks-${CONFIGURATION}-output-files.xcfilelist",
			);
			runOnlyForDeploymentPostprocessing = 0;
			shellPath = /bin/sh;
			shellScript = "\"${PODS_ROOT}/Target Support Files/Pods-ChatFirebase-ChatFirebaseUITests/Pods-ChatFirebase-ChatFirebaseUITests-frameworks.sh\"\n";
			showEnvVarsInLog = 0;
		};
		62C9B64EAB391BC7728C552A /* [CP] Embed Pods Frameworks */ = {
			isa = PBXShellScriptBuildPhase;
			buildActionMask = 2147483647;
			files = (
			);
			inputFileListPaths = (
				"${PODS_ROOT}/Target Support Files/Pods-ChatFirebase/Pods-ChatFirebase-frameworks-${CONFIGURATION}-input-files.xcfilelist",
			);
			name = "[CP] Embed Pods Frameworks";
			outputFileListPaths = (
				"${PODS_ROOT}/Target Support Files/Pods-ChatFirebase/Pods-ChatFirebase-frameworks-${CONFIGURATION}-output-files.xcfilelist",
			);
			runOnlyForDeploymentPostprocessing = 0;
			shellPath = /bin/sh;
			shellScript = "\"${PODS_ROOT}/Target Support Files/Pods-ChatFirebase/Pods-ChatFirebase-frameworks.sh\"\n";
			showEnvVarsInLog = 0;
		};
		9B1055AA23AC6DCC009C1AF5 /* Swiftlint */ = {
			isa = PBXShellScriptBuildPhase;
			buildActionMask = 12;
			files = (
			);
			inputFileListPaths = (
			);
			inputPaths = (
			);
			name = Swiftlint;
			outputFileListPaths = (
			);
			outputPaths = (
			);
			runOnlyForDeploymentPostprocessing = 0;
			shellPath = /bin/sh;
			shellScript = "${PODS_ROOT}/SwiftLint/swiftlint\n";
		};
		B77B3A37FAF0810280B38A7F /* [CP] Check Pods Manifest.lock */ = {
			isa = PBXShellScriptBuildPhase;
			buildActionMask = 2147483647;
			files = (
			);
			inputFileListPaths = (
			);
			inputPaths = (
				"${PODS_PODFILE_DIR_PATH}/Podfile.lock",
				"${PODS_ROOT}/Manifest.lock",
			);
			name = "[CP] Check Pods Manifest.lock";
			outputFileListPaths = (
			);
			outputPaths = (
				"$(DERIVED_FILE_DIR)/Pods-ChatFirebaseTests-checkManifestLockResult.txt",
			);
			runOnlyForDeploymentPostprocessing = 0;
			shellPath = /bin/sh;
			shellScript = "diff \"${PODS_PODFILE_DIR_PATH}/Podfile.lock\" \"${PODS_ROOT}/Manifest.lock\" > /dev/null\nif [ $? != 0 ] ; then\n    # print error to STDERR\n    echo \"error: The sandbox is not in sync with the Podfile.lock. Run 'pod install' or update your CocoaPods installation.\" >&2\n    exit 1\nfi\n# This output is used by Xcode 'outputs' to avoid re-running this script phase.\necho \"SUCCESS\" > \"${SCRIPT_OUTPUT_FILE_0}\"\n";
			showEnvVarsInLog = 0;
		};
		BA7F264490BCD42BCA98D706 /* [CP] Check Pods Manifest.lock */ = {
			isa = PBXShellScriptBuildPhase;
			buildActionMask = 2147483647;
			files = (
			);
			inputFileListPaths = (
			);
			inputPaths = (
				"${PODS_PODFILE_DIR_PATH}/Podfile.lock",
				"${PODS_ROOT}/Manifest.lock",
			);
			name = "[CP] Check Pods Manifest.lock";
			outputFileListPaths = (
			);
			outputPaths = (
				"$(DERIVED_FILE_DIR)/Pods-ChatFirebase-ChatFirebaseUITests-checkManifestLockResult.txt",
			);
			runOnlyForDeploymentPostprocessing = 0;
			shellPath = /bin/sh;
			shellScript = "diff \"${PODS_PODFILE_DIR_PATH}/Podfile.lock\" \"${PODS_ROOT}/Manifest.lock\" > /dev/null\nif [ $? != 0 ] ; then\n    # print error to STDERR\n    echo \"error: The sandbox is not in sync with the Podfile.lock. Run 'pod install' or update your CocoaPods installation.\" >&2\n    exit 1\nfi\n# This output is used by Xcode 'outputs' to avoid re-running this script phase.\necho \"SUCCESS\" > \"${SCRIPT_OUTPUT_FILE_0}\"\n";
			showEnvVarsInLog = 0;
		};
/* End PBXShellScriptBuildPhase section */

/* Begin PBXSourcesBuildPhase section */
		9B4218B223AC5C8C007F2041 /* Sources */ = {
			isa = PBXSourcesBuildPhase;
			buildActionMask = 2147483647;
			files = (
				9BE54FEB23B0B09C007CFA48 /* FireBaseManager.swift in Sources */,
				9B1055C023AC8186009C1AF5 /* UIView+Helper.swift in Sources */,
				9BE54FF123B0B5BA007CFA48 /* Reactive+Helper.swift in Sources */,
				9BE54FFA23B1A648007CFA48 /* MainTabBarViewController.swift in Sources */,
				9BE5500023B1BEA0007CFA48 /* UpdateUserInfoViewController.swift in Sources */,
				9BE5500323B1C2D7007CFA48 /* UpdateUserInforViewModel.swift in Sources */,
				9B1055D023ACA8BE009C1AF5 /* BaseViewModel.swift in Sources */,
				9BE5500623B1C9A9007CFA48 /* ImagePickerController.swift in Sources */,
				9BE54FF723B0D3EE007CFA48 /* SignInViewModel.swift in Sources */,
				9B1055B923AC71FC009C1AF5 /* ApplicationNavigator.swift in Sources */,
				9BE54FF423B0BF82007CFA48 /* UserListViewController.swift in Sources */,
				9B1055D323ACC74F009C1AF5 /* String+Helper.swift in Sources */,
				9B1055C323ACA27C009C1AF5 /* SignUpViewController.swift in Sources */,
				9B1055C623ACA32D009C1AF5 /* Constant.swift in Sources */,
				9B1055CD23ACA8B4009C1AF5 /* SignUpViewModel.swift in Sources */,
				9B4218BA23AC5C8C007F2041 /* AppDelegate.swift in Sources */,
				9BE54FEE23B0B12F007CFA48 /* Logger.swift in Sources */,
				9B1055BD23AC7332009C1AF5 /* SignInViewController.swift in Sources */,
				9B1055B223AC6FC8009C1AF5 /* Reuseble.swift in Sources */,
				9B1055B523AC718C009C1AF5 /* Enums.swift in Sources */,
			);
			runOnlyForDeploymentPostprocessing = 0;
		};
		9B4218C823AC5C8E007F2041 /* Sources */ = {
			isa = PBXSourcesBuildPhase;
			buildActionMask = 2147483647;
			files = (
				9B4218D123AC5C8E007F2041 /* ChatFirebaseTests.swift in Sources */,
			);
			runOnlyForDeploymentPostprocessing = 0;
		};
		9B4218D323AC5C8E007F2041 /* Sources */ = {
			isa = PBXSourcesBuildPhase;
			buildActionMask = 2147483647;
			files = (
				9B4218DC23AC5C8E007F2041 /* ChatFirebaseUITests.swift in Sources */,
			);
			runOnlyForDeploymentPostprocessing = 0;
		};
		9B59C46423AC6C62004EFF80 /* Sources */ = {
			isa = PBXSourcesBuildPhase;
			buildActionMask = 2147483647;
			files = (
				9BE54FEC23B0B09C007CFA48 /* FireBaseManager.swift in Sources */,
				9B1055C123AC8186009C1AF5 /* UIView+Helper.swift in Sources */,
				9BE54FF223B0B5BA007CFA48 /* Reactive+Helper.swift in Sources */,
				9BE54FFB23B1A648007CFA48 /* MainTabBarViewController.swift in Sources */,
				9BE5500123B1BEA0007CFA48 /* UpdateUserInfoViewController.swift in Sources */,
				9BE5500423B1C2D7007CFA48 /* UpdateUserInforViewModel.swift in Sources */,
				9B1055D123ACA8BE009C1AF5 /* BaseViewModel.swift in Sources */,
				9BE5500723B1C9A9007CFA48 /* ImagePickerController.swift in Sources */,
				9BE54FF823B0D3EE007CFA48 /* SignInViewModel.swift in Sources */,
				9B1055BA23AC71FC009C1AF5 /* ApplicationNavigator.swift in Sources */,
				9BE54FF523B0BF82007CFA48 /* UserListViewController.swift in Sources */,
				9B1055D423ACC74F009C1AF5 /* String+Helper.swift in Sources */,
				9B1055C423ACA27C009C1AF5 /* SignUpViewController.swift in Sources */,
				9B1055C723ACA32D009C1AF5 /* Constant.swift in Sources */,
				9B1055CE23ACA8B4009C1AF5 /* SignUpViewModel.swift in Sources */,
				9B59C46723AC6C62004EFF80 /* AppDelegate.swift in Sources */,
				9BE54FEF23B0B12F007CFA48 /* Logger.swift in Sources */,
				9B1055BE23AC7332009C1AF5 /* SignInViewController.swift in Sources */,
				9B1055B323AC6FC8009C1AF5 /* Reuseble.swift in Sources */,
				9B1055B623AC718C009C1AF5 /* Enums.swift in Sources */,
			);
			runOnlyForDeploymentPostprocessing = 0;
		};
/* End PBXSourcesBuildPhase section */

/* Begin PBXTargetDependency section */
		9B4218CE23AC5C8E007F2041 /* PBXTargetDependency */ = {
			isa = PBXTargetDependency;
			target = 9B4218B523AC5C8C007F2041 /* ChatFirebase */;
			targetProxy = 9B4218CD23AC5C8E007F2041 /* PBXContainerItemProxy */;
		};
		9B4218D923AC5C8E007F2041 /* PBXTargetDependency */ = {
			isa = PBXTargetDependency;
			target = 9B4218B523AC5C8C007F2041 /* ChatFirebase */;
			targetProxy = 9B4218D823AC5C8E007F2041 /* PBXContainerItemProxy */;
		};
/* End PBXTargetDependency section */

/* Begin PBXVariantGroup section */
		9B4218C423AC5C8E007F2041 /* LaunchScreen.storyboard */ = {
			isa = PBXVariantGroup;
			children = (
				9B4218C523AC5C8E007F2041 /* Base */,
			);
			name = LaunchScreen.storyboard;
			sourceTree = "<group>";
		};
/* End PBXVariantGroup section */

/* Begin XCBuildConfiguration section */
		9B4218DE23AC5C8E007F2041 /* Debug */ = {
			isa = XCBuildConfiguration;
			buildSettings = {
				ALWAYS_SEARCH_USER_PATHS = NO;
				CLANG_ANALYZER_NONNULL = YES;
				CLANG_ANALYZER_NUMBER_OBJECT_CONVERSION = YES_AGGRESSIVE;
				CLANG_CXX_LANGUAGE_STANDARD = "gnu++14";
				CLANG_CXX_LIBRARY = "libc++";
				CLANG_ENABLE_MODULES = YES;
				CLANG_ENABLE_OBJC_ARC = YES;
				CLANG_ENABLE_OBJC_WEAK = YES;
				CLANG_WARN_BLOCK_CAPTURE_AUTORELEASING = YES;
				CLANG_WARN_BOOL_CONVERSION = YES;
				CLANG_WARN_COMMA = YES;
				CLANG_WARN_CONSTANT_CONVERSION = YES;
				CLANG_WARN_DEPRECATED_OBJC_IMPLEMENTATIONS = YES;
				CLANG_WARN_DIRECT_OBJC_ISA_USAGE = YES_ERROR;
				CLANG_WARN_DOCUMENTATION_COMMENTS = YES;
				CLANG_WARN_EMPTY_BODY = YES;
				CLANG_WARN_ENUM_CONVERSION = YES;
				CLANG_WARN_INFINITE_RECURSION = YES;
				CLANG_WARN_INT_CONVERSION = YES;
				CLANG_WARN_NON_LITERAL_NULL_CONVERSION = YES;
				CLANG_WARN_OBJC_IMPLICIT_RETAIN_SELF = YES;
				CLANG_WARN_OBJC_LITERAL_CONVERSION = YES;
				CLANG_WARN_OBJC_ROOT_CLASS = YES_ERROR;
				CLANG_WARN_RANGE_LOOP_ANALYSIS = YES;
				CLANG_WARN_STRICT_PROTOTYPES = YES;
				CLANG_WARN_SUSPICIOUS_MOVE = YES;
				CLANG_WARN_UNGUARDED_AVAILABILITY = YES_AGGRESSIVE;
				CLANG_WARN_UNREACHABLE_CODE = YES;
				CLANG_WARN__DUPLICATE_METHOD_MATCH = YES;
				COPY_PHASE_STRIP = NO;
				DEBUG_INFORMATION_FORMAT = dwarf;
				ENABLE_STRICT_OBJC_MSGSEND = YES;
				ENABLE_TESTABILITY = YES;
				GCC_C_LANGUAGE_STANDARD = gnu11;
				GCC_DYNAMIC_NO_PIC = NO;
				GCC_NO_COMMON_BLOCKS = YES;
				GCC_OPTIMIZATION_LEVEL = 0;
				GCC_PREPROCESSOR_DEFINITIONS = (
					"DEBUG=1",
					"$(inherited)",
				);
				GCC_WARN_64_TO_32_BIT_CONVERSION = YES;
				GCC_WARN_ABOUT_RETURN_TYPE = YES_ERROR;
				GCC_WARN_UNDECLARED_SELECTOR = YES;
				GCC_WARN_UNINITIALIZED_AUTOS = YES_AGGRESSIVE;
				GCC_WARN_UNUSED_FUNCTION = YES;
				GCC_WARN_UNUSED_VARIABLE = YES;
				IPHONEOS_DEPLOYMENT_TARGET = 11.0;
				MTL_ENABLE_DEBUG_INFO = INCLUDE_SOURCE;
				MTL_FAST_MATH = YES;
				ONLY_ACTIVE_ARCH = YES;
				SDKROOT = iphoneos;
				SWIFT_ACTIVE_COMPILATION_CONDITIONS = DEBUG;
				SWIFT_OPTIMIZATION_LEVEL = "-Onone";
			};
			name = Debug;
		};
		9B4218DF23AC5C8E007F2041 /* Release */ = {
			isa = XCBuildConfiguration;
			buildSettings = {
				ALWAYS_SEARCH_USER_PATHS = NO;
				CLANG_ANALYZER_NONNULL = YES;
				CLANG_ANALYZER_NUMBER_OBJECT_CONVERSION = YES_AGGRESSIVE;
				CLANG_CXX_LANGUAGE_STANDARD = "gnu++14";
				CLANG_CXX_LIBRARY = "libc++";
				CLANG_ENABLE_MODULES = YES;
				CLANG_ENABLE_OBJC_ARC = YES;
				CLANG_ENABLE_OBJC_WEAK = YES;
				CLANG_WARN_BLOCK_CAPTURE_AUTORELEASING = YES;
				CLANG_WARN_BOOL_CONVERSION = YES;
				CLANG_WARN_COMMA = YES;
				CLANG_WARN_CONSTANT_CONVERSION = YES;
				CLANG_WARN_DEPRECATED_OBJC_IMPLEMENTATIONS = YES;
				CLANG_WARN_DIRECT_OBJC_ISA_USAGE = YES_ERROR;
				CLANG_WARN_DOCUMENTATION_COMMENTS = YES;
				CLANG_WARN_EMPTY_BODY = YES;
				CLANG_WARN_ENUM_CONVERSION = YES;
				CLANG_WARN_INFINITE_RECURSION = YES;
				CLANG_WARN_INT_CONVERSION = YES;
				CLANG_WARN_NON_LITERAL_NULL_CONVERSION = YES;
				CLANG_WARN_OBJC_IMPLICIT_RETAIN_SELF = YES;
				CLANG_WARN_OBJC_LITERAL_CONVERSION = YES;
				CLANG_WARN_OBJC_ROOT_CLASS = YES_ERROR;
				CLANG_WARN_RANGE_LOOP_ANALYSIS = YES;
				CLANG_WARN_STRICT_PROTOTYPES = YES;
				CLANG_WARN_SUSPICIOUS_MOVE = YES;
				CLANG_WARN_UNGUARDED_AVAILABILITY = YES_AGGRESSIVE;
				CLANG_WARN_UNREACHABLE_CODE = YES;
				CLANG_WARN__DUPLICATE_METHOD_MATCH = YES;
				COPY_PHASE_STRIP = NO;
				DEBUG_INFORMATION_FORMAT = "dwarf-with-dsym";
				ENABLE_NS_ASSERTIONS = NO;
				ENABLE_STRICT_OBJC_MSGSEND = YES;
				GCC_C_LANGUAGE_STANDARD = gnu11;
				GCC_NO_COMMON_BLOCKS = YES;
				GCC_WARN_64_TO_32_BIT_CONVERSION = YES;
				GCC_WARN_ABOUT_RETURN_TYPE = YES_ERROR;
				GCC_WARN_UNDECLARED_SELECTOR = YES;
				GCC_WARN_UNINITIALIZED_AUTOS = YES_AGGRESSIVE;
				GCC_WARN_UNUSED_FUNCTION = YES;
				GCC_WARN_UNUSED_VARIABLE = YES;
				IPHONEOS_DEPLOYMENT_TARGET = 11.0;
				MTL_ENABLE_DEBUG_INFO = NO;
				MTL_FAST_MATH = YES;
				SDKROOT = iphoneos;
				SWIFT_COMPILATION_MODE = wholemodule;
				SWIFT_OPTIMIZATION_LEVEL = "-O";
				VALIDATE_PRODUCT = YES;
			};
			name = Release;
		};
		9B4218E123AC5C8E007F2041 /* Debug */ = {
			isa = XCBuildConfiguration;
			baseConfigurationReference = 33B583FC5691B6624B1CCEC9 /* Pods-ChatFirebase.debug.xcconfig */;
			buildSettings = {
				ALWAYS_EMBED_SWIFT_STANDARD_LIBRARIES = YES;
				ASSETCATALOG_COMPILER_APPICON_NAME = AppIcon;
				CODE_SIGN_STYLE = Automatic;
				DEVELOPMENT_TEAM = 7MA4T6G7L4;
				INFOPLIST_FILE = ChatFirebase/Application/Infos/Info.plist;
				LD_RUNPATH_SEARCH_PATHS = (
					"$(inherited)",
					"@executable_path/Frameworks",
				);
				PRODUCT_BUNDLE_IDENTIFIER = com.baon.ChatFirebase;
				PRODUCT_NAME = "$(TARGET_NAME)";
				SWIFT_VERSION = 5.0;
				TARGETED_DEVICE_FAMILY = "1,2";
			};
			name = Debug;
		};
		9B4218E223AC5C8E007F2041 /* Release */ = {
			isa = XCBuildConfiguration;
			baseConfigurationReference = B4F2B8AEC860B854AF434528 /* Pods-ChatFirebase.release.xcconfig */;
			buildSettings = {
				ALWAYS_EMBED_SWIFT_STANDARD_LIBRARIES = YES;
				ASSETCATALOG_COMPILER_APPICON_NAME = AppIcon;
				CODE_SIGN_STYLE = Automatic;
				DEVELOPMENT_TEAM = 7MA4T6G7L4;
				INFOPLIST_FILE = ChatFirebase/Application/Infos/Info.plist;
				LD_RUNPATH_SEARCH_PATHS = (
					"$(inherited)",
					"@executable_path/Frameworks",
				);
				PRODUCT_BUNDLE_IDENTIFIER = com.baon.ChatFirebase;
				PRODUCT_NAME = "$(TARGET_NAME)";
				SWIFT_VERSION = 5.0;
				TARGETED_DEVICE_FAMILY = "1,2";
			};
			name = Release;
		};
		9B4218E423AC5C8E007F2041 /* Debug */ = {
			isa = XCBuildConfiguration;
			baseConfigurationReference = 507B68D334F7D0F1DCC9A919 /* Pods-ChatFirebaseTests.debug.xcconfig */;
			buildSettings = {
				ALWAYS_EMBED_SWIFT_STANDARD_LIBRARIES = YES;
				BUNDLE_LOADER = "$(TEST_HOST)";
				CODE_SIGN_STYLE = Automatic;
				DEVELOPMENT_TEAM = 7MA4T6G7L4;
				INFOPLIST_FILE = ChatFirebaseTests/Info.plist;
				IPHONEOS_DEPLOYMENT_TARGET = 13.2;
				LD_RUNPATH_SEARCH_PATHS = (
					"$(inherited)",
					"@executable_path/Frameworks",
					"@loader_path/Frameworks",
				);
				PRODUCT_BUNDLE_IDENTIFIER = com.baon.ChatFirebaseTests;
				PRODUCT_NAME = "$(TARGET_NAME)";
				SWIFT_VERSION = 5.0;
				TARGETED_DEVICE_FAMILY = "1,2";
				TEST_HOST = "$(BUILT_PRODUCTS_DIR)/ChatFirebase.app/ChatFirebase";
			};
			name = Debug;
		};
		9B4218E523AC5C8E007F2041 /* Release */ = {
			isa = XCBuildConfiguration;
			baseConfigurationReference = 4B640052ECBEA9AE37A81E78 /* Pods-ChatFirebaseTests.release.xcconfig */;
			buildSettings = {
				ALWAYS_EMBED_SWIFT_STANDARD_LIBRARIES = YES;
				BUNDLE_LOADER = "$(TEST_HOST)";
				CODE_SIGN_STYLE = Automatic;
				DEVELOPMENT_TEAM = 7MA4T6G7L4;
				INFOPLIST_FILE = ChatFirebaseTests/Info.plist;
				IPHONEOS_DEPLOYMENT_TARGET = 13.2;
				LD_RUNPATH_SEARCH_PATHS = (
					"$(inherited)",
					"@executable_path/Frameworks",
					"@loader_path/Frameworks",
				);
				PRODUCT_BUNDLE_IDENTIFIER = com.baon.ChatFirebaseTests;
				PRODUCT_NAME = "$(TARGET_NAME)";
				SWIFT_VERSION = 5.0;
				TARGETED_DEVICE_FAMILY = "1,2";
				TEST_HOST = "$(BUILT_PRODUCTS_DIR)/ChatFirebase.app/ChatFirebase";
			};
			name = Release;
		};
		9B4218E723AC5C8E007F2041 /* Debug */ = {
			isa = XCBuildConfiguration;
			baseConfigurationReference = BD3BF077FA6CBBB957282394 /* Pods-ChatFirebase-ChatFirebaseUITests.debug.xcconfig */;
			buildSettings = {
				ALWAYS_EMBED_SWIFT_STANDARD_LIBRARIES = YES;
				CODE_SIGN_STYLE = Automatic;
				DEVELOPMENT_TEAM = 7MA4T6G7L4;
				INFOPLIST_FILE = ChatFirebaseUITests/Info.plist;
				LD_RUNPATH_SEARCH_PATHS = (
					"$(inherited)",
					"@executable_path/Frameworks",
					"@loader_path/Frameworks",
				);
				PRODUCT_BUNDLE_IDENTIFIER = com.baon.ChatFirebaseUITests;
				PRODUCT_NAME = "$(TARGET_NAME)";
				SWIFT_VERSION = 5.0;
				TARGETED_DEVICE_FAMILY = "1,2";
				TEST_TARGET_NAME = ChatFirebase;
			};
			name = Debug;
		};
		9B4218E823AC5C8E007F2041 /* Release */ = {
			isa = XCBuildConfiguration;
			baseConfigurationReference = 6414C13565458E35462E032A /* Pods-ChatFirebase-ChatFirebaseUITests.release.xcconfig */;
			buildSettings = {
				ALWAYS_EMBED_SWIFT_STANDARD_LIBRARIES = YES;
				CODE_SIGN_STYLE = Automatic;
				DEVELOPMENT_TEAM = 7MA4T6G7L4;
				INFOPLIST_FILE = ChatFirebaseUITests/Info.plist;
				LD_RUNPATH_SEARCH_PATHS = (
					"$(inherited)",
					"@executable_path/Frameworks",
					"@loader_path/Frameworks",
				);
				PRODUCT_BUNDLE_IDENTIFIER = com.baon.ChatFirebaseUITests;
				PRODUCT_NAME = "$(TARGET_NAME)";
				SWIFT_VERSION = 5.0;
				TARGETED_DEVICE_FAMILY = "1,2";
				TEST_TARGET_NAME = ChatFirebase;
			};
			name = Release;
		};
		9B59C47223AC6C62004EFF80 /* Debug */ = {
			isa = XCBuildConfiguration;
			buildSettings = {
				ALWAYS_EMBED_SWIFT_STANDARD_LIBRARIES = YES;
				ASSETCATALOG_COMPILER_APPICON_NAME = AppIcon;
				CODE_SIGN_STYLE = Automatic;
				DEVELOPMENT_TEAM = 4X4ZDEX56P;
				INFOPLIST_FILE = "ChatFirebase copy-Info.plist";
				LD_RUNPATH_SEARCH_PATHS = (
					"$(inherited)",
					"@executable_path/Frameworks",
				);
				PRODUCT_BUNDLE_IDENTIFIER = com.baon.ChatFirebase;
				PRODUCT_NAME = "$(TARGET_NAME)";
				SWIFT_VERSION = 5.0;
				TARGETED_DEVICE_FAMILY = "1,2";
			};
			name = Debug;
		};
		9B59C47323AC6C62004EFF80 /* Release */ = {
			isa = XCBuildConfiguration;
			buildSettings = {
				ALWAYS_EMBED_SWIFT_STANDARD_LIBRARIES = YES;
				ASSETCATALOG_COMPILER_APPICON_NAME = AppIcon;
				CODE_SIGN_STYLE = Automatic;
				DEVELOPMENT_TEAM = 4X4ZDEX56P;
				INFOPLIST_FILE = "ChatFirebase copy-Info.plist";
				LD_RUNPATH_SEARCH_PATHS = (
					"$(inherited)",
					"@executable_path/Frameworks",
				);
				PRODUCT_BUNDLE_IDENTIFIER = com.baon.ChatFirebase;
				PRODUCT_NAME = "$(TARGET_NAME)";
				SWIFT_VERSION = 5.0;
				TARGETED_DEVICE_FAMILY = "1,2";
			};
			name = Release;
		};
/* End XCBuildConfiguration section */

/* Begin XCConfigurationList section */
		9B4218B123AC5C8C007F2041 /* Build configuration list for PBXProject "ChatFirebase" */ = {
			isa = XCConfigurationList;
			buildConfigurations = (
				9B4218DE23AC5C8E007F2041 /* Debug */,
				9B4218DF23AC5C8E007F2041 /* Release */,
			);
			defaultConfigurationIsVisible = 0;
			defaultConfigurationName = Release;
		};
		9B4218E023AC5C8E007F2041 /* Build configuration list for PBXNativeTarget "ChatFirebase" */ = {
			isa = XCConfigurationList;
			buildConfigurations = (
				9B4218E123AC5C8E007F2041 /* Debug */,
				9B4218E223AC5C8E007F2041 /* Release */,
			);
			defaultConfigurationIsVisible = 0;
			defaultConfigurationName = Release;
		};
		9B4218E323AC5C8E007F2041 /* Build configuration list for PBXNativeTarget "ChatFirebaseTests" */ = {
			isa = XCConfigurationList;
			buildConfigurations = (
				9B4218E423AC5C8E007F2041 /* Debug */,
				9B4218E523AC5C8E007F2041 /* Release */,
			);
			defaultConfigurationIsVisible = 0;
			defaultConfigurationName = Release;
		};
		9B4218E623AC5C8E007F2041 /* Build configuration list for PBXNativeTarget "ChatFirebaseUITests" */ = {
			isa = XCConfigurationList;
			buildConfigurations = (
				9B4218E723AC5C8E007F2041 /* Debug */,
				9B4218E823AC5C8E007F2041 /* Release */,
			);
			defaultConfigurationIsVisible = 0;
			defaultConfigurationName = Release;
		};
		9B59C47123AC6C62004EFF80 /* Build configuration list for PBXNativeTarget "ChatFirebase staging" */ = {
			isa = XCConfigurationList;
			buildConfigurations = (
				9B59C47223AC6C62004EFF80 /* Debug */,
				9B59C47323AC6C62004EFF80 /* Release */,
			);
			defaultConfigurationIsVisible = 0;
			defaultConfigurationName = Release;
		};
/* End XCConfigurationList section */
	};
	rootObject = 9B4218AE23AC5C8C007F2041 /* Project object */;
}
